<?xml version="1.0" encoding="utf-8"?>
<Project ToolsVersion="4.0" xmlns="http://schemas.microsoft.com/developer/msbuild/2003">
  <ItemGroup>
    <Filter Include="소스 파일">
      <UniqueIdentifier>{4FC737F1-C7A5-4376-A066-2A32D752A2FF}</UniqueIdentifier>
      <Extensions>cpp;c;cc;cxx;def;odl;idl;hpj;bat;asm;asmx</Extensions>
    </Filter>
    <Filter Include="헤더 파일">
      <UniqueIdentifier>{93995380-89BD-4b04-88EB-625FBE52EBFB}</UniqueIdentifier>
      <Extensions>h;hh;hpp;hxx;hm;inl;inc;xsd</Extensions>
    </Filter>
    <Filter Include="리소스 파일">
      <UniqueIdentifier>{67DA6AB6-F800-4c08-8B7A-83BB121AAD01}</UniqueIdentifier>
      <Extensions>rc;ico;cur;bmp;dlg;rc2;rct;bin;rgs;gif;jpg;jpeg;jpe;resx;tiff;tif;png;wav;mfcribbon-ms</Extensions>
    </Filter>
    <Filter Include="mspring">
      <UniqueIdentifier>{091d54eb-a0c7-4a68-904f-82f2847135d6}</UniqueIdentifier>
    </Filter>
    <Filter Include="mspring\frame">
      <UniqueIdentifier>{aaa187f3-503c-4eb8-b7e3-593c34d599f5}</UniqueIdentifier>
    </Filter>
    <Filter Include="mspring\view">
      <UniqueIdentifier>{243c9fbe-67eb-4a6e-b0e6-302577d68b6e}</UniqueIdentifier>
    </Filter>
  </ItemGroup>
  <ItemGroup>
    <Text Include="ReadMe.txt" />
  </ItemGroup>
  <ItemGroup>
    <ClInclude Include="MSpring_test.h">
      <Filter>헤더 파일</Filter>
    </ClInclude>
    <ClInclude Include="stdafx.h">
      <Filter>헤더 파일</Filter>
    </ClInclude>
    <ClInclude Include="targetver.h">
      <Filter>헤더 파일</Filter>
    </ClInclude>
    <ClInclude Include="MainFrm.h">
      <Filter>헤더 파일</Filter>
    </ClInclude>
    <ClInclude Include="ChildView.h">
      <Filter>헤더 파일</Filter>
    </ClInclude>
    <ClInclude Include="Resource.h">
      <Filter>헤더 파일</Filter>
    </ClInclude>
    <ClInclude Include="DoubleBufferingDC.h">
      <Filter>mspring</Filter>
    </ClInclude>
    <ClInclude Include="ErrorMessage.h">
      <Filter>mspring</Filter>
    </ClInclude>
    <ClInclude Include="DrawHelper.h">
      <Filter>mspring</Filter>
    </ClInclude>
    <ClInclude Include="String.h">
      <Filter>mspring</Filter>
    </ClInclude>
    <ClInclude Include="mspring\Operator.h">
      <Filter>mspring</Filter>
    </ClInclude>
    <ClInclude Include="mspring\Util.h">
      <Filter>mspring</Filter>
    </ClInclude>
    <ClInclude Include="mspring\Frame.h">
      <Filter>mspring</Filter>
    </ClInclude>
    <ClInclude Include="mspring\MSpring.h">
      <Filter>mspring</Filter>
    </ClInclude>
    <ClInclude Include="mspring\frame\resource.h">
      <Filter>mspring\frame</Filter>
    </ClInclude>
    <ClInclude Include="mspring\frame\MSpringFrame.h">
      <Filter>mspring\frame</Filter>
    </ClInclude>
    <ClInclude Include="mspring\frame\MSpringMenuFrame.h">
      <Filter>mspring\frame</Filter>
    </ClInclude>
    <ClInclude Include="mspring\frame\MSpringTabFrame.h">
      <Filter>mspring\frame</Filter>
    </ClInclude>
    <ClInclude Include="mspring\view\MSpringView.h">
      <Filter>mspring\view</Filter>
    </ClInclude>
    <ClInclude Include="mspring\view\VirtualView.h">
      <Filter>mspring\view</Filter>
    </ClInclude>
    <ClInclude Include="repository.h">
      <Filter>헤더 파일</Filter>
    </ClInclude>
    <ClInclude Include="MSpring\View.h">
      <Filter>mspring</Filter>
    </ClInclude>
  </ItemGroup>
  <ItemGroup>
    <ClCompile Include="MSpring_test.cpp">
      <Filter>소스 파일</Filter>
    </ClCompile>
    <ClCompile Include="stdafx.cpp">
      <Filter>소스 파일</Filter>
    </ClCompile>
    <ClCompile Include="MainFrm.cpp">
      <Filter>소스 파일</Filter>
    </ClCompile>
    <ClCompile Include="ChildView.cpp">
      <Filter>소스 파일</Filter>
    </ClCompile>
  </ItemGroup>
  <ItemGroup>
    <ResourceCompile Include="MSpring_test.rc">
      <Filter>리소스 파일</Filter>
    </ResourceCompile>
  </ItemGroup>
  <ItemGroup>
    <None Include="res\MSpring_test.rc2">
      <Filter>리소스 파일</Filter>
    </None>
  </ItemGroup>
  <ItemGroup>
    <Image Include="res\MSpring_test.ico">
      <Filter>리소스 파일</Filter>
    </Image>
  </ItemGroup>
</Project>